{
  "name": "objscript-workspace",
  "version": "0.0.0",
  "lockfileVersion": 3,
  "requires": true,
  "packages": {
    "": {
      "name": "objscript-workspace",
      "version": "0.0.0",
      "dependencies": {
        "@objscript/core": "0.500.0",
        "@objscript/schema": "0.500.7",
        "ws": "^8.13.0"
      },
      "devDependencies": {
        "@types/node": "^20.4.1",
        "@types/ws": "^8.5.5",
        "typescript": "^5.1.6"
      }
    },
    "node_modules/@objscript/core": {
      "version": "0.500.0",
      "resolved": "https://registry.npmjs.org/@objscript/core/-/core-0.500.0.tgz",
      "integrity": "sha512-+IXaNIBRlxS+n7f0Tc9zb1pXG+q88wBQl4uy5gKewnqvPdLn3AqNxKff51TXZSq6/p4K6JGRiKQThx5lNo8MBQ=="
    },
    "node_modules/@objscript/schema": {
      "version": "0.500.7",
      "resolved": "https://registry.npmjs.org/@objscript/schema/-/schema-0.500.7.tgz",
      "integrity": "sha512-mNm55BrXHGeTGfjnisNybw9njgnCZ5TJI5CUNMrZlZxnGMviNNyqCKYX5dJuOgLhl8ZDPJ/8676PAQt3DX9D7A==",
      "dependencies": {
        "@objscript/core": "0.500.0"
      },
      "bin": {
        "objsgen": "cli.js"
      }
    },
    "node_modules/@types/node": {
      "version": "20.4.7",
      "resolved": "https://registry.npmjs.org/@types/node/-/node-20.4.7.tgz",
      "integrity": "sha512-bUBrPjEry2QUTsnuEjzjbS7voGWCc30W0qzgMf90GPeDGFRakvrz47ju+oqDAKCXLUCe39u57/ORMl/O/04/9g==",
      "dev": true
    },
    "node_modules/@types/ws": {
      "version": "8.5.5",
      "resolved": "https://registry.npmjs.org/@types/ws/-/ws-8.5.5.tgz",
      "integrity": "sha512-lwhs8hktwxSjf9UaZ9tG5M03PGogvFaH8gUgLNbN9HKIg0dvv6q+gkSuJ8HN4/VbyxkuLzCjlN7GquQ0gUJfIg==",
      "dev": true,
      "dependencies": {
        "@types/node": "*"
      }
    },
    "node_modules/typescript": {
      "version": "5.1.6",
      "resolved": "https://registry.npmjs.org/typescript/-/typescript-5.1.6.tgz",
      "integrity": "sha512-zaWCozRZ6DLEWAWFrVDz1H6FVXzUSfTy5FUMWsQlU8Ym5JP9eO4xkTIROFCQvhQf61z6O/G6ugw3SgAnvvm+HA==",
      "dev": true,
      "bin": {
        "tsc": "bin/tsc",
        "tsserver": "bin/tsserver"
      },
      "engines": {
        "node": ">=14.17"
      }
    },
    "node_modules/ws": {
      "version": "8.13.0",
      "resolved": "https://registry.npmjs.org/ws/-/ws-8.13.0.tgz",
      "integrity": "sha512-x9vcZYTrFPC7aSIbj7sRCYo7L/Xb8Iy+pW0ng0wt2vCJv7M9HOMy0UoN3rr+IFC7hb7vXoqS+P9ktyLLLhO+LA==",
      "engines": {
        "node": ">=10.0.0"
      },
      "peerDependencies": {
        "bufferutil": "^4.0.1",
        "utf-8-validate": ">=5.0.2"
      },
      "peerDependenciesMeta": {
        "bufferutil": {
          "optional": true
        },
        "utf-8-validate": {
          "optional": true
        }
      }
    }
  }
}
